
Microsoft Visual Studio Solution File, Format Version 12.00
# Visual Studio Version 16
VisualStudioVersion = 16.0.29418.71
MinimumVisualStudioVersion = 10.0.40219.1
Project("{FAE04EC0-301F-11D3-BF4B-00C04F79EFBC}") = "CoreCodedChatbot.ApiContract", "CoreCodedChatbot.ApiContract\CoreCodedChatbot.ApiContract.csproj", "{97C9E805-9EC3-462D-B854-1CC468C06F71}"
EndProject
Global
	GlobalSection(SolutionConfigurationPlatforms) = preSolution
		Debug|Any CPU = Debug|Any CPU
		Release|Any CPU = Release|Any CPU
	EndGlobalSection
	GlobalSection(ProjectConfigurationPlatforms) = postSolution
		{97C9E805-9EC3-462D-B854-1CC468C06F71}.Debug|Any CPU.ActiveCfg = Debug|Any CPU
		{97C9E805-9EC3-462D-B854-1CC468C06F71}.Debug|Any CPU.Build.0 = Debug|Any CPU
		{97C9E805-9EC3-462D-B854-1CC468C06F71}.Release|Any CPU.ActiveCfg = Release|Any CPU
		{97C9E805-9EC3-462D-B854-1CC468C06F71}.Release|Any CPU.Build.0 = Release|Any CPU
	EndGlobalSection
	GlobalSection(SolutionProperties) = preSolution
		HideSolutionNode = FALSE
	EndGlobalSection
	GlobalSection(ExtensibilityGlobals) = postSolution
		SolutionGuid = {66750096-7B99-446D-8B9F-F8BFA1371D50}
	EndGlobalSection
EndGlobal
